
Microsoft Visual Studio Solution File, Format Version 12.00
# Visual Studio Version 17
VisualStudioVersion = 17.14.36203.30 d17.14
MinimumVisualStudioVersion = 10.0.40219.1
Project("{FAE04EC0-301F-11D3-BF4B-00C04F79EFBC}") = "NostalgiaBackend", "NostalgiaBackend.csproj", "{1F8AF70F-5B16-4B21-8FE3-B67D6F895677}"
EndProject
Global
	GlobalSection(SolutionConfigurationPlatforms) = preSolution
		Debug|Any CPU = Debug|Any CPU
		Release|Any CPU = Release|Any CPU
	EndGlobalSection
	GlobalSection(ProjectConfigurationPlatforms) = postSolution
		{1F8AF70F-5B16-4B21-8FE3-B67D6F895677}.Debug|Any CPU.ActiveCfg = Debug|Any CPU
		{1F8AF70F-5B16-4B21-8FE3-B67D6F895677}.Debug|Any CPU.Build.0 = Debug|Any CPU
		{1F8AF70F-5B16-4B21-8FE3-B67D6F895677}.Release|Any CPU.ActiveCfg = Release|Any CPU
		{1F8AF70F-5B16-4B21-8FE3-B67D6F895677}.Release|Any CPU.Build.0 = Release|Any CPU
	EndGlobalSection
	GlobalSection(SolutionProperties) = preSolution
		HideSolutionNode = FALSE
	EndGlobalSection
	GlobalSection(ExtensibilityGlobals) = postSolution
		SolutionGuid = {A079B11D-20B9-46C2-8E0C-D41DEB1FFA82}
	EndGlobalSection
EndGlobal
