
Microsoft Visual Studio Solution File, Format Version 12.00
# Visual Studio Version 17
VisualStudioVersion = 17.14.36203.30
MinimumVisualStudioVersion = 10.0.40219.1
Project("{FAE04EC0-301F-11D3-BF4B-00C04F79EFBC}") = "NostalgiaBackend", "NostalgiaBackend\NostalgiaBackend.csproj", "{F52FCD23-0C04-49BB-AE6B-888CE9DAEF76}"
EndProject
Project("{FAE04EC0-301F-11D3-BF4B-00C04F79EFBC}") = "HoverthArchiver", "HoverthArchiver\HoverthArchiver.csproj", "{62789AD4-5266-486B-B597-81748496A79E}"
EndProject
Project("{FAE04EC0-301F-11D3-BF4B-00C04F79EFBC}") = "Shared", "Shared\Shared.csproj", "{E3199A48-89C8-4BF7-A250-0D868F3403DF}"
EndProject
Project("{FAE04EC0-301F-11D3-BF4B-00C04F79EFBC}") = "FeroxArchiver", "FeroxInput\FeroxArchiver.csproj", "{59200400-1BDB-4B56-91BF-F93BD84F198C}"
EndProject
Global
	GlobalSection(SolutionConfigurationPlatforms) = preSolution
		Debug|Any CPU = Debug|Any CPU
		Release|Any CPU = Release|Any CPU
	EndGlobalSection
	GlobalSection(ProjectConfigurationPlatforms) = postSolution
		{F52FCD23-0C04-49BB-AE6B-888CE9DAEF76}.Debug|Any CPU.ActiveCfg = Debug|Any CPU
		{F52FCD23-0C04-49BB-AE6B-888CE9DAEF76}.Debug|Any CPU.Build.0 = Debug|Any CPU
		{F52FCD23-0C04-49BB-AE6B-888CE9DAEF76}.Release|Any CPU.ActiveCfg = Release|Any CPU
		{F52FCD23-0C04-49BB-AE6B-888CE9DAEF76}.Release|Any CPU.Build.0 = Release|Any CPU
		{62789AD4-5266-486B-B597-81748496A79E}.Debug|Any CPU.ActiveCfg = Debug|Any CPU
		{62789AD4-5266-486B-B597-81748496A79E}.Debug|Any CPU.Build.0 = Debug|Any CPU
		{62789AD4-5266-486B-B597-81748496A79E}.Release|Any CPU.ActiveCfg = Release|Any CPU
		{62789AD4-5266-486B-B597-81748496A79E}.Release|Any CPU.Build.0 = Release|Any CPU
		{E3199A48-89C8-4BF7-A250-0D868F3403DF}.Debug|Any CPU.ActiveCfg = Debug|Any CPU
		{E3199A48-89C8-4BF7-A250-0D868F3403DF}.Debug|Any CPU.Build.0 = Debug|Any CPU
		{E3199A48-89C8-4BF7-A250-0D868F3403DF}.Release|Any CPU.ActiveCfg = Release|Any CPU
		{E3199A48-89C8-4BF7-A250-0D868F3403DF}.Release|Any CPU.Build.0 = Release|Any CPU
		{59200400-1BDB-4B56-91BF-F93BD84F198C}.Debug|Any CPU.ActiveCfg = Debug|Any CPU
		{59200400-1BDB-4B56-91BF-F93BD84F198C}.Debug|Any CPU.Build.0 = Debug|Any CPU
		{59200400-1BDB-4B56-91BF-F93BD84F198C}.Release|Any CPU.ActiveCfg = Release|Any CPU
		{59200400-1BDB-4B56-91BF-F93BD84F198C}.Release|Any CPU.Build.0 = Release|Any CPU
	EndGlobalSection
	GlobalSection(SolutionProperties) = preSolution
		HideSolutionNode = FALSE
	EndGlobalSection
	GlobalSection(ExtensibilityGlobals) = postSolution
		SolutionGuid = {34BD31C5-A516-4ADF-A209-A15EC8978EDE}
	EndGlobalSection
EndGlobal
